{
  "originHash" : "b55c600938e659bd74be62182292472f3306762cdedf936b185533bff05943d2",
  "pins" : [
    {
      "identity" : "lottie-ios",
      "kind" : "remoteSourceControl",
      "location" : "https://github.com/airbnb/lottie-ios.git",
      "state" : {
        "revision" : "a004050748dc197c56256a14dca49a035d74726c",
        "version" : "4.5.2"
      }
    },
    {
      "identity" : "mixpanel-swift",
      "kind" : "remoteSourceControl",
      "location" : "https://github.com/mixpanel/mixpanel-swift",
      "state" : {
        "branch" : "master",
        "revision" : "e8c8783d94f5fa2680f3e6eac202964c3db4d410"
      }
    },
    {
      "identity" : "wishkit-ios",
      "kind" : "remoteSourceControl",
      "location" : "https://github.com/wishkit/wishkit-ios.git",
      "state" : {
        "revision" : "951b17b6b683c72d36627de77e8e26afcfbde6ae",
        "version" : "4.7.0"
      }
    },
    {
      "identity" : "wishkit-ios-shared",
      "kind" : "remoteSourceControl",
      "location" : "https://github.com/wishkit/wishkit-ios-shared.git",
      "state" : {
        "revision" : "cd184932bcdbdc8766137ef8ecac63c424be93a7",
        "version" : "1.5.0"
      }
    }
  ],
  "version" : 3
}
